{
  "name": "codedeck-free-version",
  "version": "1.0.0",
  "lockfileVersion": 3,
  "requires": true,
  "packages": {
    "": {
      "name": "codedeck-free-version",
      "version": "1.0.0",
      "license": "ISC",
      "dependencies": {
        "codedeck-free-version": "file:"
      }
    },
    "node_modules/codedeck-free-version": {
      "resolved": "",
      "link": true
    }
  }
}
